
Microsoft Visual Studio Solution File, Format Version 12.00
# Visual Studio Version 17
VisualStudioVersion = 17.10.34928.147
MinimumVisualStudioVersion = 10.0.40219.1
Project("{FAE04EC0-301F-11D3-BF4B-00C04F79EFBC}") = "AoC-24-4", "AoC-24-4\AoC-24-4.csproj", "{7595EA11-1D34-4962-9E9E-1004321EB90B}"
EndProject
Global
	GlobalSection(SolutionConfigurationPlatforms) = preSolution
		Debug|Any CPU = Debug|Any CPU
		Release|Any CPU = Release|Any CPU
	EndGlobalSection
	GlobalSection(ProjectConfigurationPlatforms) = postSolution
		{7595EA11-1D34-4962-9E9E-1004321EB90B}.Debug|Any CPU.ActiveCfg = Debug|Any CPU
		{7595EA11-1D34-4962-9E9E-1004321EB90B}.Debug|Any CPU.Build.0 = Debug|Any CPU
		{7595EA11-1D34-4962-9E9E-1004321EB90B}.Release|Any CPU.ActiveCfg = Release|Any CPU
		{7595EA11-1D34-4962-9E9E-1004321EB90B}.Release|Any CPU.Build.0 = Release|Any CPU
	EndGlobalSection
	GlobalSection(SolutionProperties) = preSolution
		HideSolutionNode = FALSE
	EndGlobalSection
	GlobalSection(ExtensibilityGlobals) = postSolution
		SolutionGuid = {E62C7CFC-B1FD-4662-B93C-27613CD3A2A9}
	EndGlobalSection
EndGlobal
