
Microsoft Visual Studio Solution File, Format Version 12.00
# Visual Studio Version 17
VisualStudioVersion = 17.10.34928.147
MinimumVisualStudioVersion = 10.0.40219.1
Project("{FAE04EC0-301F-11D3-BF4B-00C04F79EFBC}") = "AoC-24-10", "AoC-24-10\AoC-24-10.csproj", "{15BEA6C4-A324-4DA9-BCD3-3BC3EDAF368E}"
EndProject
Global
	GlobalSection(SolutionConfigurationPlatforms) = preSolution
		Debug|Any CPU = Debug|Any CPU
		Release|Any CPU = Release|Any CPU
	EndGlobalSection
	GlobalSection(ProjectConfigurationPlatforms) = postSolution
		{15BEA6C4-A324-4DA9-BCD3-3BC3EDAF368E}.Debug|Any CPU.ActiveCfg = Debug|Any CPU
		{15BEA6C4-A324-4DA9-BCD3-3BC3EDAF368E}.Debug|Any CPU.Build.0 = Debug|Any CPU
		{15BEA6C4-A324-4DA9-BCD3-3BC3EDAF368E}.Release|Any CPU.ActiveCfg = Release|Any CPU
		{15BEA6C4-A324-4DA9-BCD3-3BC3EDAF368E}.Release|Any CPU.Build.0 = Release|Any CPU
	EndGlobalSection
	GlobalSection(SolutionProperties) = preSolution
		HideSolutionNode = FALSE
	EndGlobalSection
	GlobalSection(ExtensibilityGlobals) = postSolution
		SolutionGuid = {FA359854-5C04-48C2-8235-D8E1E12E64E8}
	EndGlobalSection
EndGlobal
